
Microsoft Visual Studio Solution File, Format Version 12.00
# Visual Studio Version 17
VisualStudioVersion = 17.11.35222.181
MinimumVisualStudioVersion = 10.0.40219.1
Project("{FAE04EC0-301F-11D3-BF4B-00C04F79EFBC}") = "Calc_e_tela", "Calc_e_tela.csproj", "{CE5CFD4F-C198-4B33-B645-3921DF288554}"
EndProject
Global
	GlobalSection(SolutionConfigurationPlatforms) = preSolution
		Debug|Any CPU = Debug|Any CPU
		Release|Any CPU = Release|Any CPU
	EndGlobalSection
	GlobalSection(ProjectConfigurationPlatforms) = postSolution
		{CE5CFD4F-C198-4B33-B645-3921DF288554}.Debug|Any CPU.ActiveCfg = Debug|Any CPU
		{CE5CFD4F-C198-4B33-B645-3921DF288554}.Debug|Any CPU.Build.0 = Debug|Any CPU
		{CE5CFD4F-C198-4B33-B645-3921DF288554}.Release|Any CPU.ActiveCfg = Release|Any CPU
		{CE5CFD4F-C198-4B33-B645-3921DF288554}.Release|Any CPU.Build.0 = Release|Any CPU
	EndGlobalSection
	GlobalSection(SolutionProperties) = preSolution
		HideSolutionNode = FALSE
	EndGlobalSection
	GlobalSection(ExtensibilityGlobals) = postSolution
		SolutionGuid = {CCA02331-2A7C-4E94-9120-58985E6E2BEB}
	EndGlobalSection
EndGlobal
